
Microsoft Visual Studio Solution File, Format Version 12.00
# Visual Studio 15
VisualStudioVersion = 15.0.28010.2048
MinimumVisualStudioVersion = 10.0.40219.1
Project("{FAE04EC0-301F-11D3-BF4B-00C04F79EFBC}") = "mycomicbus_cli", "mycomicbus_cli.csproj", "{1ABB13AD-AE16-4CE0-9618-F2594644A286}"
EndProject
Global
	GlobalSection(SolutionConfigurationPlatforms) = preSolution
		Debug|Any CPU = Debug|Any CPU
		Release|Any CPU = Release|Any CPU
	EndGlobalSection
	GlobalSection(ProjectConfigurationPlatforms) = postSolution
		{1ABB13AD-AE16-4CE0-9618-F2594644A286}.Debug|Any CPU.ActiveCfg = Debug|Any CPU
		{1ABB13AD-AE16-4CE0-9618-F2594644A286}.Debug|Any CPU.Build.0 = Debug|Any CPU
		{1ABB13AD-AE16-4CE0-9618-F2594644A286}.Release|Any CPU.ActiveCfg = Release|Any CPU
		{1ABB13AD-AE16-4CE0-9618-F2594644A286}.Release|Any CPU.Build.0 = Release|Any CPU
	EndGlobalSection
	GlobalSection(SolutionProperties) = preSolution
		HideSolutionNode = FALSE
	EndGlobalSection
	GlobalSection(ExtensibilityGlobals) = postSolution
		SolutionGuid = {DC1EE9AE-0697-483D-BAD0-5094411513B6}
	EndGlobalSection
EndGlobal
